
Microsoft Visual Studio Solution File, Format Version 12.00
# Visual Studio 15
VisualStudioVersion = 15.0.27004.2006
MinimumVisualStudioVersion = 10.0.40219.1
Project("{9A19103F-16F7-4668-BE54-9A1E7A4F7556}") = "CustomerAppUI", "CustomerAppUI\CustomerAppUI.csproj", "{E8E67235-6BB2-49CC-A4A4-A418C2A34676}"
EndProject
Project("{9A19103F-16F7-4668-BE54-9A1E7A4F7556}") = "CustomerAppBLL", "CustomerAppBLL\CustomerAppBLL.csproj", "{888D5D4E-AE43-4984-A9AC-3A515EC6536F}"
EndProject
Project("{9A19103F-16F7-4668-BE54-9A1E7A4F7556}") = "CustomerAppDAL", "CustomerAppDAL\CustomerAppDAL.csproj", "{3D02FB73-C8F3-4B36-AA54-648742097C9D}"
EndProject
Global
	GlobalSection(SolutionConfigurationPlatforms) = preSolution
		Debug|Any CPU = Debug|Any CPU
		Release|Any CPU = Release|Any CPU
	EndGlobalSection
	GlobalSection(ProjectConfigurationPlatforms) = postSolution
		{E8E67235-6BB2-49CC-A4A4-A418C2A34676}.Debug|Any CPU.ActiveCfg = Debug|Any CPU
		{E8E67235-6BB2-49CC-A4A4-A418C2A34676}.Debug|Any CPU.Build.0 = Debug|Any CPU
		{E8E67235-6BB2-49CC-A4A4-A418C2A34676}.Release|Any CPU.ActiveCfg = Release|Any CPU
		{E8E67235-6BB2-49CC-A4A4-A418C2A34676}.Release|Any CPU.Build.0 = Release|Any CPU
		{888D5D4E-AE43-4984-A9AC-3A515EC6536F}.Debug|Any CPU.ActiveCfg = Debug|Any CPU
		{888D5D4E-AE43-4984-A9AC-3A515EC6536F}.Debug|Any CPU.Build.0 = Debug|Any CPU
		{888D5D4E-AE43-4984-A9AC-3A515EC6536F}.Release|Any CPU.ActiveCfg = Release|Any CPU
		{888D5D4E-AE43-4984-A9AC-3A515EC6536F}.Release|Any CPU.Build.0 = Release|Any CPU
		{3D02FB73-C8F3-4B36-AA54-648742097C9D}.Debug|Any CPU.ActiveCfg = Debug|Any CPU
		{3D02FB73-C8F3-4B36-AA54-648742097C9D}.Debug|Any CPU.Build.0 = Debug|Any CPU
		{3D02FB73-C8F3-4B36-AA54-648742097C9D}.Release|Any CPU.ActiveCfg = Release|Any CPU
		{3D02FB73-C8F3-4B36-AA54-648742097C9D}.Release|Any CPU.Build.0 = Release|Any CPU
	EndGlobalSection
	GlobalSection(SolutionProperties) = preSolution
		HideSolutionNode = FALSE
	EndGlobalSection
	GlobalSection(ExtensibilityGlobals) = postSolution
		SolutionGuid = {AE7CDCFD-02A5-4BEC-B714-7B8F4B71EC2B}
	EndGlobalSection
EndGlobal
